
Microsoft Visual Studio Solution File, Format Version 12.00
# Visual Studio 15
VisualStudioVersion = 15.0.26228.4
MinimumVisualStudioVersion = 10.0.40219.1
Project("{FAE04EC0-301F-11D3-BF4B-00C04F79EFBC}") = "OneComic.Data", "OneComic.Data\OneComic.Data.csproj", "{0CBE9DAA-0E5B-47B4-B8E3-7D3CECA27006}"
EndProject
Project("{FAE04EC0-301F-11D3-BF4B-00C04F79EFBC}") = "OneComic.Web", "OneComic.Web\OneComic.Web.csproj", "{6DDA7EF5-0A60-48DA-8A16-ED8AEC203184}"
EndProject
Project("{FAE04EC0-301F-11D3-BF4B-00C04F79EFBC}") = "OneComic.Data.DTO", "OneComic.Data.DTO\OneComic.Data.DTO.csproj", "{6209E8E4-52F0-41CE-9157-77D32A085755}"
EndProject
Project("{FAE04EC0-301F-11D3-BF4B-00C04F79EFBC}") = "OneComic.API", "OneComic.API\OneComic.API.csproj", "{F1AAC153-D9BE-4D8C-A262-E6AB2F3F4EB3}"
EndProject
Project("{FAE04EC0-301F-11D3-BF4B-00C04F79EFBC}") = "OneComic.Admin", "OneComic.Admin\OneComic.Admin.csproj", "{DFF02ACA-9E6D-4F8A-AB42-943D37146FF0}"
EndProject
Project("{FAE04EC0-301F-11D3-BF4B-00C04F79EFBC}") = "OneComic.Core", "OneComic.Core\OneComic.Core.csproj", "{732BCBDD-C2FA-4932-83D6-AAD45548E54B}"
EndProject
Project("{FAE04EC0-301F-11D3-BF4B-00C04F79EFBC}") = "OneComic.Core.Tests", "OneComic.Core.Tests\OneComic.Core.Tests.csproj", "{7A62AD55-70C2-4A94-934D-00DA4602C940}"
EndProject
Project("{FAE04EC0-301F-11D3-BF4B-00C04F79EFBC}") = "OneComic.Data.Entities", "OneComic.Data.Entities\OneComic.Data.Entities.csproj", "{09A97D1F-1B1E-473F-B0B0-96B4A3E0226A}"
EndProject
Project("{FAE04EC0-301F-11D3-BF4B-00C04F79EFBC}") = "OneComic.API.Client", "OneComic.API.Client\OneComic.API.Client.csproj", "{E06365C3-F8C6-463B-8108-F208A37DB389}"
EndProject
Global
	GlobalSection(SolutionConfigurationPlatforms) = preSolution
		Debug|Any CPU = Debug|Any CPU
		Release|Any CPU = Release|Any CPU
	EndGlobalSection
	GlobalSection(ProjectConfigurationPlatforms) = postSolution
		{0CBE9DAA-0E5B-47B4-B8E3-7D3CECA27006}.Debug|Any CPU.ActiveCfg = Debug|Any CPU
		{0CBE9DAA-0E5B-47B4-B8E3-7D3CECA27006}.Debug|Any CPU.Build.0 = Debug|Any CPU
		{0CBE9DAA-0E5B-47B4-B8E3-7D3CECA27006}.Release|Any CPU.ActiveCfg = Release|Any CPU
		{0CBE9DAA-0E5B-47B4-B8E3-7D3CECA27006}.Release|Any CPU.Build.0 = Release|Any CPU
		{6DDA7EF5-0A60-48DA-8A16-ED8AEC203184}.Debug|Any CPU.ActiveCfg = Debug|Any CPU
		{6DDA7EF5-0A60-48DA-8A16-ED8AEC203184}.Debug|Any CPU.Build.0 = Debug|Any CPU
		{6DDA7EF5-0A60-48DA-8A16-ED8AEC203184}.Release|Any CPU.ActiveCfg = Release|Any CPU
		{6DDA7EF5-0A60-48DA-8A16-ED8AEC203184}.Release|Any CPU.Build.0 = Release|Any CPU
		{6209E8E4-52F0-41CE-9157-77D32A085755}.Debug|Any CPU.ActiveCfg = Debug|Any CPU
		{6209E8E4-52F0-41CE-9157-77D32A085755}.Debug|Any CPU.Build.0 = Debug|Any CPU
		{6209E8E4-52F0-41CE-9157-77D32A085755}.Release|Any CPU.ActiveCfg = Release|Any CPU
		{6209E8E4-52F0-41CE-9157-77D32A085755}.Release|Any CPU.Build.0 = Release|Any CPU
		{F1AAC153-D9BE-4D8C-A262-E6AB2F3F4EB3}.Debug|Any CPU.ActiveCfg = Debug|Any CPU
		{F1AAC153-D9BE-4D8C-A262-E6AB2F3F4EB3}.Debug|Any CPU.Build.0 = Debug|Any CPU
		{F1AAC153-D9BE-4D8C-A262-E6AB2F3F4EB3}.Release|Any CPU.ActiveCfg = Release|Any CPU
		{F1AAC153-D9BE-4D8C-A262-E6AB2F3F4EB3}.Release|Any CPU.Build.0 = Release|Any CPU
		{DFF02ACA-9E6D-4F8A-AB42-943D37146FF0}.Debug|Any CPU.ActiveCfg = Debug|Any CPU
		{DFF02ACA-9E6D-4F8A-AB42-943D37146FF0}.Debug|Any CPU.Build.0 = Debug|Any CPU
		{DFF02ACA-9E6D-4F8A-AB42-943D37146FF0}.Release|Any CPU.ActiveCfg = Release|Any CPU
		{DFF02ACA-9E6D-4F8A-AB42-943D37146FF0}.Release|Any CPU.Build.0 = Release|Any CPU
		{732BCBDD-C2FA-4932-83D6-AAD45548E54B}.Debug|Any CPU.ActiveCfg = Debug|Any CPU
		{732BCBDD-C2FA-4932-83D6-AAD45548E54B}.Debug|Any CPU.Build.0 = Debug|Any CPU
		{732BCBDD-C2FA-4932-83D6-AAD45548E54B}.Release|Any CPU.ActiveCfg = Release|Any CPU
		{732BCBDD-C2FA-4932-83D6-AAD45548E54B}.Release|Any CPU.Build.0 = Release|Any CPU
		{7A62AD55-70C2-4A94-934D-00DA4602C940}.Debug|Any CPU.ActiveCfg = Debug|Any CPU
		{7A62AD55-70C2-4A94-934D-00DA4602C940}.Debug|Any CPU.Build.0 = Debug|Any CPU
		{7A62AD55-70C2-4A94-934D-00DA4602C940}.Release|Any CPU.ActiveCfg = Release|Any CPU
		{7A62AD55-70C2-4A94-934D-00DA4602C940}.Release|Any CPU.Build.0 = Release|Any CPU
		{09A97D1F-1B1E-473F-B0B0-96B4A3E0226A}.Debug|Any CPU.ActiveCfg = Debug|Any CPU
		{09A97D1F-1B1E-473F-B0B0-96B4A3E0226A}.Debug|Any CPU.Build.0 = Debug|Any CPU
		{09A97D1F-1B1E-473F-B0B0-96B4A3E0226A}.Release|Any CPU.ActiveCfg = Release|Any CPU
		{09A97D1F-1B1E-473F-B0B0-96B4A3E0226A}.Release|Any CPU.Build.0 = Release|Any CPU
		{E06365C3-F8C6-463B-8108-F208A37DB389}.Debug|Any CPU.ActiveCfg = Debug|Any CPU
		{E06365C3-F8C6-463B-8108-F208A37DB389}.Debug|Any CPU.Build.0 = Debug|Any CPU
		{E06365C3-F8C6-463B-8108-F208A37DB389}.Release|Any CPU.ActiveCfg = Release|Any CPU
		{E06365C3-F8C6-463B-8108-F208A37DB389}.Release|Any CPU.Build.0 = Release|Any CPU
	EndGlobalSection
	GlobalSection(SolutionProperties) = preSolution
		HideSolutionNode = FALSE
	EndGlobalSection
EndGlobal
