
Microsoft Visual Studio Solution File, Format Version 12.00
# Visual Studio 14
VisualStudioVersion = 14.0.25420.1
MinimumVisualStudioVersion = 10.0.40219.1
Project("{FAE04EC0-301F-11D3-BF4B-00C04F79EFBC}") = "OneComic.Business.Entities", "OneComic.Business.Entities\OneComic.Business.Entities.csproj", "{387ADB00-4F5D-4076-9A70-DF67D49DAA00}"
EndProject
Project("{FAE04EC0-301F-11D3-BF4B-00C04F79EFBC}") = "OneComic.Client.Entities", "OneComic.Client.Entities\OneComic.Client.Entities.csproj", "{88A83181-A4EB-409E-87E7-9D015A46C002}"
EndProject
Project("{2150E333-8FDC-42A3-9474-1A3956D46DE8}") = "Business", "Business", "{72E0DA8D-5E39-47E7-829B-1763A5D33AFB}"
EndProject
Project("{2150E333-8FDC-42A3-9474-1A3956D46DE8}") = "Client", "Client", "{05EFAE4E-AE10-4BE1-A13D-57450DEBC28B}"
EndProject
Project("{2150E333-8FDC-42A3-9474-1A3956D46DE8}") = "Core", "Core", "{6C72D5F1-534D-49DA-BAC0-78ADD07E102C}"
EndProject
Project("{FAE04EC0-301F-11D3-BF4B-00C04F79EFBC}") = "Core.Common", "Core.Common\Core.Common.csproj", "{EF8C59F4-92BE-4B83-8A02-EED03C93C8FE}"
EndProject
Project("{FAE04EC0-301F-11D3-BF4B-00C04F79EFBC}") = "Core.Common.Contracts", "Core.Common.Contracts\Core.Common.Contracts.csproj", "{1D3FC099-5A43-4811-A665-83D2F29EA530}"
EndProject
Project("{FAE04EC0-301F-11D3-BF4B-00C04F79EFBC}") = "Core.Common.Tests", "Core.Common.Tests\Core.Common.Tests.csproj", "{F629DD84-F659-499F-8A76-25B5068595F2}"
EndProject
Project("{FAE04EC0-301F-11D3-BF4B-00C04F79EFBC}") = "OneComic.Data", "OneComic.Data\OneComic.Data.csproj", "{0CBE9DAA-0E5B-47B4-B8E3-7D3CECA27006}"
EndProject
Project("{FAE04EC0-301F-11D3-BF4B-00C04F79EFBC}") = "OneComic.Data.Contracts", "OneComic.Data.Contracts\OneComic.Data.Contracts.csproj", "{EA7FEA03-3817-4107-B70B-A218CE1399CD}"
EndProject
Project("{2150E333-8FDC-42A3-9474-1A3956D46DE8}") = "Resource Access", "Resource Access", "{AE3591AB-3FE4-436E-BA60-F0E8CC24A297}"
EndProject
Project("{2150E333-8FDC-42A3-9474-1A3956D46DE8}") = "Tests", "Tests", "{BAC7D729-152B-4DFC-B660-20F1C22957ED}"
EndProject
Project("{FAE04EC0-301F-11D3-BF4B-00C04F79EFBC}") = "OneComic.Data.Tests", "OneComic.Data.Tests\OneComic.Data.Tests.csproj", "{E31ECC17-8DFA-43E9-A639-D77169B5C7E8}"
EndProject
Project("{FAE04EC0-301F-11D3-BF4B-00C04F79EFBC}") = "OneComic.Business.Bootstrapper", "OneComic.Business.Bootstrapper\OneComic.Business.Bootstrapper.csproj", "{3A8BF54C-20E6-440B-B3C8-1A94495469B4}"
EndProject
Project("{FAE04EC0-301F-11D3-BF4B-00C04F79EFBC}") = "OneComic.Business.Contracts", "OneComic.Business.Contracts\OneComic.Business.Contracts.csproj", "{241E5522-82A0-4499-AFBE-A113B788324B}"
EndProject
Project("{FAE04EC0-301F-11D3-BF4B-00C04F79EFBC}") = "OneComic.Business.Managers", "OneComic.Business.Managers\OneComic.Business.Managers.csproj", "{1DF0D5DA-A65C-4360-9D23-149C41A36F41}"
EndProject
Project("{FAE04EC0-301F-11D3-BF4B-00C04F79EFBC}") = "OneComic.Business", "OneComic.Business\OneComic.Business.csproj", "{880306FA-AB27-4AB5-940D-D82CC8620BF2}"
EndProject
Project("{FAE04EC0-301F-11D3-BF4B-00C04F79EFBC}") = "OneComic.Business.Common", "OneComic.Business.Common\OneComic.Business.Common.csproj", "{4616807B-623D-4960-8985-034E815A4BA6}"
EndProject
Project("{2150E333-8FDC-42A3-9474-1A3956D46DE8}") = "Common", "Common", "{C5347581-AFAD-4B8F-A6B0-46037BD97E13}"
EndProject
Project("{FAE04EC0-301F-11D3-BF4B-00C04F79EFBC}") = "OneComic.Common", "OneComic.Common\OneComic.Common.csproj", "{EECFBF40-ACE5-4B4A-83D2-C3EA4D3E7B18}"
EndProject
Project("{FAE04EC0-301F-11D3-BF4B-00C04F79EFBC}") = "Core.Common.ServiceModel", "Core.Common.ServiceModel\Core.Common.ServiceModel.csproj", "{C368A5E0-F5E5-4AC9-B166-211E9B0D90B9}"
EndProject
Global
	GlobalSection(SolutionConfigurationPlatforms) = preSolution
		Debug|Any CPU = Debug|Any CPU
		Release|Any CPU = Release|Any CPU
	EndGlobalSection
	GlobalSection(ProjectConfigurationPlatforms) = postSolution
		{387ADB00-4F5D-4076-9A70-DF67D49DAA00}.Debug|Any CPU.ActiveCfg = Debug|Any CPU
		{387ADB00-4F5D-4076-9A70-DF67D49DAA00}.Debug|Any CPU.Build.0 = Debug|Any CPU
		{387ADB00-4F5D-4076-9A70-DF67D49DAA00}.Release|Any CPU.ActiveCfg = Release|Any CPU
		{387ADB00-4F5D-4076-9A70-DF67D49DAA00}.Release|Any CPU.Build.0 = Release|Any CPU
		{88A83181-A4EB-409E-87E7-9D015A46C002}.Debug|Any CPU.ActiveCfg = Debug|Any CPU
		{88A83181-A4EB-409E-87E7-9D015A46C002}.Debug|Any CPU.Build.0 = Debug|Any CPU
		{88A83181-A4EB-409E-87E7-9D015A46C002}.Release|Any CPU.ActiveCfg = Release|Any CPU
		{88A83181-A4EB-409E-87E7-9D015A46C002}.Release|Any CPU.Build.0 = Release|Any CPU
		{EF8C59F4-92BE-4B83-8A02-EED03C93C8FE}.Debug|Any CPU.ActiveCfg = Debug|Any CPU
		{EF8C59F4-92BE-4B83-8A02-EED03C93C8FE}.Debug|Any CPU.Build.0 = Debug|Any CPU
		{EF8C59F4-92BE-4B83-8A02-EED03C93C8FE}.Release|Any CPU.ActiveCfg = Release|Any CPU
		{EF8C59F4-92BE-4B83-8A02-EED03C93C8FE}.Release|Any CPU.Build.0 = Release|Any CPU
		{1D3FC099-5A43-4811-A665-83D2F29EA530}.Debug|Any CPU.ActiveCfg = Debug|Any CPU
		{1D3FC099-5A43-4811-A665-83D2F29EA530}.Debug|Any CPU.Build.0 = Debug|Any CPU
		{1D3FC099-5A43-4811-A665-83D2F29EA530}.Release|Any CPU.ActiveCfg = Release|Any CPU
		{1D3FC099-5A43-4811-A665-83D2F29EA530}.Release|Any CPU.Build.0 = Release|Any CPU
		{F629DD84-F659-499F-8A76-25B5068595F2}.Debug|Any CPU.ActiveCfg = Debug|Any CPU
		{F629DD84-F659-499F-8A76-25B5068595F2}.Debug|Any CPU.Build.0 = Debug|Any CPU
		{F629DD84-F659-499F-8A76-25B5068595F2}.Release|Any CPU.ActiveCfg = Release|Any CPU
		{F629DD84-F659-499F-8A76-25B5068595F2}.Release|Any CPU.Build.0 = Release|Any CPU
		{0CBE9DAA-0E5B-47B4-B8E3-7D3CECA27006}.Debug|Any CPU.ActiveCfg = Debug|Any CPU
		{0CBE9DAA-0E5B-47B4-B8E3-7D3CECA27006}.Debug|Any CPU.Build.0 = Debug|Any CPU
		{0CBE9DAA-0E5B-47B4-B8E3-7D3CECA27006}.Release|Any CPU.ActiveCfg = Release|Any CPU
		{0CBE9DAA-0E5B-47B4-B8E3-7D3CECA27006}.Release|Any CPU.Build.0 = Release|Any CPU
		{EA7FEA03-3817-4107-B70B-A218CE1399CD}.Debug|Any CPU.ActiveCfg = Debug|Any CPU
		{EA7FEA03-3817-4107-B70B-A218CE1399CD}.Debug|Any CPU.Build.0 = Debug|Any CPU
		{EA7FEA03-3817-4107-B70B-A218CE1399CD}.Release|Any CPU.ActiveCfg = Release|Any CPU
		{EA7FEA03-3817-4107-B70B-A218CE1399CD}.Release|Any CPU.Build.0 = Release|Any CPU
		{E31ECC17-8DFA-43E9-A639-D77169B5C7E8}.Debug|Any CPU.ActiveCfg = Debug|Any CPU
		{E31ECC17-8DFA-43E9-A639-D77169B5C7E8}.Debug|Any CPU.Build.0 = Debug|Any CPU
		{E31ECC17-8DFA-43E9-A639-D77169B5C7E8}.Release|Any CPU.ActiveCfg = Release|Any CPU
		{E31ECC17-8DFA-43E9-A639-D77169B5C7E8}.Release|Any CPU.Build.0 = Release|Any CPU
		{3A8BF54C-20E6-440B-B3C8-1A94495469B4}.Debug|Any CPU.ActiveCfg = Debug|Any CPU
		{3A8BF54C-20E6-440B-B3C8-1A94495469B4}.Debug|Any CPU.Build.0 = Debug|Any CPU
		{3A8BF54C-20E6-440B-B3C8-1A94495469B4}.Release|Any CPU.ActiveCfg = Release|Any CPU
		{3A8BF54C-20E6-440B-B3C8-1A94495469B4}.Release|Any CPU.Build.0 = Release|Any CPU
		{241E5522-82A0-4499-AFBE-A113B788324B}.Debug|Any CPU.ActiveCfg = Debug|Any CPU
		{241E5522-82A0-4499-AFBE-A113B788324B}.Debug|Any CPU.Build.0 = Debug|Any CPU
		{241E5522-82A0-4499-AFBE-A113B788324B}.Release|Any CPU.ActiveCfg = Release|Any CPU
		{241E5522-82A0-4499-AFBE-A113B788324B}.Release|Any CPU.Build.0 = Release|Any CPU
		{1DF0D5DA-A65C-4360-9D23-149C41A36F41}.Debug|Any CPU.ActiveCfg = Debug|Any CPU
		{1DF0D5DA-A65C-4360-9D23-149C41A36F41}.Debug|Any CPU.Build.0 = Debug|Any CPU
		{1DF0D5DA-A65C-4360-9D23-149C41A36F41}.Release|Any CPU.ActiveCfg = Release|Any CPU
		{1DF0D5DA-A65C-4360-9D23-149C41A36F41}.Release|Any CPU.Build.0 = Release|Any CPU
		{880306FA-AB27-4AB5-940D-D82CC8620BF2}.Debug|Any CPU.ActiveCfg = Debug|Any CPU
		{880306FA-AB27-4AB5-940D-D82CC8620BF2}.Debug|Any CPU.Build.0 = Debug|Any CPU
		{880306FA-AB27-4AB5-940D-D82CC8620BF2}.Release|Any CPU.ActiveCfg = Release|Any CPU
		{880306FA-AB27-4AB5-940D-D82CC8620BF2}.Release|Any CPU.Build.0 = Release|Any CPU
		{4616807B-623D-4960-8985-034E815A4BA6}.Debug|Any CPU.ActiveCfg = Debug|Any CPU
		{4616807B-623D-4960-8985-034E815A4BA6}.Debug|Any CPU.Build.0 = Debug|Any CPU
		{4616807B-623D-4960-8985-034E815A4BA6}.Release|Any CPU.ActiveCfg = Release|Any CPU
		{4616807B-623D-4960-8985-034E815A4BA6}.Release|Any CPU.Build.0 = Release|Any CPU
		{EECFBF40-ACE5-4B4A-83D2-C3EA4D3E7B18}.Debug|Any CPU.ActiveCfg = Debug|Any CPU
		{EECFBF40-ACE5-4B4A-83D2-C3EA4D3E7B18}.Debug|Any CPU.Build.0 = Debug|Any CPU
		{EECFBF40-ACE5-4B4A-83D2-C3EA4D3E7B18}.Release|Any CPU.ActiveCfg = Release|Any CPU
		{EECFBF40-ACE5-4B4A-83D2-C3EA4D3E7B18}.Release|Any CPU.Build.0 = Release|Any CPU
		{C368A5E0-F5E5-4AC9-B166-211E9B0D90B9}.Debug|Any CPU.ActiveCfg = Debug|Any CPU
		{C368A5E0-F5E5-4AC9-B166-211E9B0D90B9}.Debug|Any CPU.Build.0 = Debug|Any CPU
		{C368A5E0-F5E5-4AC9-B166-211E9B0D90B9}.Release|Any CPU.ActiveCfg = Release|Any CPU
		{C368A5E0-F5E5-4AC9-B166-211E9B0D90B9}.Release|Any CPU.Build.0 = Release|Any CPU
	EndGlobalSection
	GlobalSection(SolutionProperties) = preSolution
		HideSolutionNode = FALSE
	EndGlobalSection
	GlobalSection(NestedProjects) = preSolution
		{387ADB00-4F5D-4076-9A70-DF67D49DAA00} = {72E0DA8D-5E39-47E7-829B-1763A5D33AFB}
		{88A83181-A4EB-409E-87E7-9D015A46C002} = {05EFAE4E-AE10-4BE1-A13D-57450DEBC28B}
		{EF8C59F4-92BE-4B83-8A02-EED03C93C8FE} = {6C72D5F1-534D-49DA-BAC0-78ADD07E102C}
		{1D3FC099-5A43-4811-A665-83D2F29EA530} = {6C72D5F1-534D-49DA-BAC0-78ADD07E102C}
		{F629DD84-F659-499F-8A76-25B5068595F2} = {BAC7D729-152B-4DFC-B660-20F1C22957ED}
		{0CBE9DAA-0E5B-47B4-B8E3-7D3CECA27006} = {AE3591AB-3FE4-436E-BA60-F0E8CC24A297}
		{EA7FEA03-3817-4107-B70B-A218CE1399CD} = {AE3591AB-3FE4-436E-BA60-F0E8CC24A297}
		{E31ECC17-8DFA-43E9-A639-D77169B5C7E8} = {BAC7D729-152B-4DFC-B660-20F1C22957ED}
		{3A8BF54C-20E6-440B-B3C8-1A94495469B4} = {72E0DA8D-5E39-47E7-829B-1763A5D33AFB}
		{241E5522-82A0-4499-AFBE-A113B788324B} = {72E0DA8D-5E39-47E7-829B-1763A5D33AFB}
		{1DF0D5DA-A65C-4360-9D23-149C41A36F41} = {72E0DA8D-5E39-47E7-829B-1763A5D33AFB}
		{880306FA-AB27-4AB5-940D-D82CC8620BF2} = {72E0DA8D-5E39-47E7-829B-1763A5D33AFB}
		{4616807B-623D-4960-8985-034E815A4BA6} = {72E0DA8D-5E39-47E7-829B-1763A5D33AFB}
		{EECFBF40-ACE5-4B4A-83D2-C3EA4D3E7B18} = {C5347581-AFAD-4B8F-A6B0-46037BD97E13}
		{C368A5E0-F5E5-4AC9-B166-211E9B0D90B9} = {6C72D5F1-534D-49DA-BAC0-78ADD07E102C}
	EndGlobalSection
EndGlobal
