
Microsoft Visual Studio Solution File, Format Version 12.00
# Visual Studio 14
VisualStudioVersion = 14.0.25420.1
MinimumVisualStudioVersion = 10.0.40219.1
Project("{FAE04EC0-301F-11D3-BF4B-00C04F79EFBC}") = "OneComic.Business.Entities", "OneComic.Business.Entities\OneComic.Business.Entities.csproj", "{387ADB00-4F5D-4076-9A70-DF67D49DAA00}"
EndProject
Project("{2150E333-8FDC-42A3-9474-1A3956D46DE8}") = "Core", "Core", "{6C72D5F1-534D-49DA-BAC0-78ADD07E102C}"
EndProject
Project("{FAE04EC0-301F-11D3-BF4B-00C04F79EFBC}") = "Core.Common", "Core.Common\Core.Common.csproj", "{EF8C59F4-92BE-4B83-8A02-EED03C93C8FE}"
EndProject
Project("{FAE04EC0-301F-11D3-BF4B-00C04F79EFBC}") = "Core.Common.Contracts", "Core.Common.Contracts\Core.Common.Contracts.csproj", "{1D3FC099-5A43-4811-A665-83D2F29EA530}"
EndProject
Project("{FAE04EC0-301F-11D3-BF4B-00C04F79EFBC}") = "Core.Common.Tests", "Core.Common.Tests\Core.Common.Tests.csproj", "{F629DD84-F659-499F-8A76-25B5068595F2}"
EndProject
Project("{FAE04EC0-301F-11D3-BF4B-00C04F79EFBC}") = "OneComic.Data", "OneComic.Data\OneComic.Data.csproj", "{0CBE9DAA-0E5B-47B4-B8E3-7D3CECA27006}"
EndProject
Project("{FAE04EC0-301F-11D3-BF4B-00C04F79EFBC}") = "OneComic.Data.Contracts", "OneComic.Data.Contracts\OneComic.Data.Contracts.csproj", "{EA7FEA03-3817-4107-B70B-A218CE1399CD}"
EndProject
Project("{2150E333-8FDC-42A3-9474-1A3956D46DE8}") = "Tests", "Tests", "{BAC7D729-152B-4DFC-B660-20F1C22957ED}"
EndProject
Project("{FAE04EC0-301F-11D3-BF4B-00C04F79EFBC}") = "OneComic.Data.Tests", "OneComic.Data.Tests\OneComic.Data.Tests.csproj", "{E31ECC17-8DFA-43E9-A639-D77169B5C7E8}"
EndProject
Project("{FAE04EC0-301F-11D3-BF4B-00C04F79EFBC}") = "OneComic.Business", "OneComic.Business\OneComic.Business.csproj", "{880306FA-AB27-4AB5-940D-D82CC8620BF2}"
EndProject
Project("{FAE04EC0-301F-11D3-BF4B-00C04F79EFBC}") = "OneComic.Business.Common", "OneComic.Business.Common\OneComic.Business.Common.csproj", "{4616807B-623D-4960-8985-034E815A4BA6}"
EndProject
Project("{FAE04EC0-301F-11D3-BF4B-00C04F79EFBC}") = "OneComic.Common", "OneComic.Common\OneComic.Common.csproj", "{EECFBF40-ACE5-4B4A-83D2-C3EA4D3E7B18}"
EndProject
Project("{FAE04EC0-301F-11D3-BF4B-00C04F79EFBC}") = "OneComic.Business.Tests", "OneComic.Business.Tests\OneComic.Business.Tests.csproj", "{30C79259-FB19-4C6C-98DB-4DDBEFDFADF8}"
EndProject
Project("{FAE04EC0-301F-11D3-BF4B-00C04F79EFBC}") = "OneComic.Web", "OneComic.Web\OneComic.Web.csproj", "{6DDA7EF5-0A60-48DA-8A16-ED8AEC203184}"
EndProject
Project("{FAE04EC0-301F-11D3-BF4B-00C04F79EFBC}") = "OneComic.Data.DTO", "OneComic.Data.DTO\OneComic.Data.DTO.csproj", "{6209E8E4-52F0-41CE-9157-77D32A085755}"
EndProject
Project("{FAE04EC0-301F-11D3-BF4B-00C04F79EFBC}") = "OneComic.API", "OneComic.API\OneComic.API.csproj", "{F1AAC153-D9BE-4D8C-A262-E6AB2F3F4EB3}"
EndProject
Project("{FAE04EC0-301F-11D3-BF4B-00C04F79EFBC}") = "Core.Common.API", "Core.Common.API\Core.Common.API.csproj", "{29CFA744-A09D-44F4-8DD2-949B8FD6F6E2}"
EndProject
Global
	GlobalSection(SolutionConfigurationPlatforms) = preSolution
		Debug|Any CPU = Debug|Any CPU
		Release|Any CPU = Release|Any CPU
	EndGlobalSection
	GlobalSection(ProjectConfigurationPlatforms) = postSolution
		{387ADB00-4F5D-4076-9A70-DF67D49DAA00}.Debug|Any CPU.ActiveCfg = Debug|Any CPU
		{387ADB00-4F5D-4076-9A70-DF67D49DAA00}.Debug|Any CPU.Build.0 = Debug|Any CPU
		{387ADB00-4F5D-4076-9A70-DF67D49DAA00}.Release|Any CPU.ActiveCfg = Release|Any CPU
		{387ADB00-4F5D-4076-9A70-DF67D49DAA00}.Release|Any CPU.Build.0 = Release|Any CPU
		{EF8C59F4-92BE-4B83-8A02-EED03C93C8FE}.Debug|Any CPU.ActiveCfg = Debug|Any CPU
		{EF8C59F4-92BE-4B83-8A02-EED03C93C8FE}.Debug|Any CPU.Build.0 = Debug|Any CPU
		{EF8C59F4-92BE-4B83-8A02-EED03C93C8FE}.Release|Any CPU.ActiveCfg = Release|Any CPU
		{EF8C59F4-92BE-4B83-8A02-EED03C93C8FE}.Release|Any CPU.Build.0 = Release|Any CPU
		{1D3FC099-5A43-4811-A665-83D2F29EA530}.Debug|Any CPU.ActiveCfg = Debug|Any CPU
		{1D3FC099-5A43-4811-A665-83D2F29EA530}.Debug|Any CPU.Build.0 = Debug|Any CPU
		{1D3FC099-5A43-4811-A665-83D2F29EA530}.Release|Any CPU.ActiveCfg = Release|Any CPU
		{1D3FC099-5A43-4811-A665-83D2F29EA530}.Release|Any CPU.Build.0 = Release|Any CPU
		{F629DD84-F659-499F-8A76-25B5068595F2}.Debug|Any CPU.ActiveCfg = Debug|Any CPU
		{F629DD84-F659-499F-8A76-25B5068595F2}.Debug|Any CPU.Build.0 = Debug|Any CPU
		{F629DD84-F659-499F-8A76-25B5068595F2}.Release|Any CPU.ActiveCfg = Release|Any CPU
		{F629DD84-F659-499F-8A76-25B5068595F2}.Release|Any CPU.Build.0 = Release|Any CPU
		{0CBE9DAA-0E5B-47B4-B8E3-7D3CECA27006}.Debug|Any CPU.ActiveCfg = Debug|Any CPU
		{0CBE9DAA-0E5B-47B4-B8E3-7D3CECA27006}.Debug|Any CPU.Build.0 = Debug|Any CPU
		{0CBE9DAA-0E5B-47B4-B8E3-7D3CECA27006}.Release|Any CPU.ActiveCfg = Release|Any CPU
		{0CBE9DAA-0E5B-47B4-B8E3-7D3CECA27006}.Release|Any CPU.Build.0 = Release|Any CPU
		{EA7FEA03-3817-4107-B70B-A218CE1399CD}.Debug|Any CPU.ActiveCfg = Debug|Any CPU
		{EA7FEA03-3817-4107-B70B-A218CE1399CD}.Debug|Any CPU.Build.0 = Debug|Any CPU
		{EA7FEA03-3817-4107-B70B-A218CE1399CD}.Release|Any CPU.ActiveCfg = Release|Any CPU
		{EA7FEA03-3817-4107-B70B-A218CE1399CD}.Release|Any CPU.Build.0 = Release|Any CPU
		{E31ECC17-8DFA-43E9-A639-D77169B5C7E8}.Debug|Any CPU.ActiveCfg = Debug|Any CPU
		{E31ECC17-8DFA-43E9-A639-D77169B5C7E8}.Debug|Any CPU.Build.0 = Debug|Any CPU
		{E31ECC17-8DFA-43E9-A639-D77169B5C7E8}.Release|Any CPU.ActiveCfg = Release|Any CPU
		{E31ECC17-8DFA-43E9-A639-D77169B5C7E8}.Release|Any CPU.Build.0 = Release|Any CPU
		{880306FA-AB27-4AB5-940D-D82CC8620BF2}.Debug|Any CPU.ActiveCfg = Debug|Any CPU
		{880306FA-AB27-4AB5-940D-D82CC8620BF2}.Debug|Any CPU.Build.0 = Debug|Any CPU
		{880306FA-AB27-4AB5-940D-D82CC8620BF2}.Release|Any CPU.ActiveCfg = Release|Any CPU
		{880306FA-AB27-4AB5-940D-D82CC8620BF2}.Release|Any CPU.Build.0 = Release|Any CPU
		{4616807B-623D-4960-8985-034E815A4BA6}.Debug|Any CPU.ActiveCfg = Debug|Any CPU
		{4616807B-623D-4960-8985-034E815A4BA6}.Debug|Any CPU.Build.0 = Debug|Any CPU
		{4616807B-623D-4960-8985-034E815A4BA6}.Release|Any CPU.ActiveCfg = Release|Any CPU
		{4616807B-623D-4960-8985-034E815A4BA6}.Release|Any CPU.Build.0 = Release|Any CPU
		{EECFBF40-ACE5-4B4A-83D2-C3EA4D3E7B18}.Debug|Any CPU.ActiveCfg = Debug|Any CPU
		{EECFBF40-ACE5-4B4A-83D2-C3EA4D3E7B18}.Debug|Any CPU.Build.0 = Debug|Any CPU
		{EECFBF40-ACE5-4B4A-83D2-C3EA4D3E7B18}.Release|Any CPU.ActiveCfg = Release|Any CPU
		{EECFBF40-ACE5-4B4A-83D2-C3EA4D3E7B18}.Release|Any CPU.Build.0 = Release|Any CPU
		{30C79259-FB19-4C6C-98DB-4DDBEFDFADF8}.Debug|Any CPU.ActiveCfg = Debug|Any CPU
		{30C79259-FB19-4C6C-98DB-4DDBEFDFADF8}.Debug|Any CPU.Build.0 = Debug|Any CPU
		{30C79259-FB19-4C6C-98DB-4DDBEFDFADF8}.Release|Any CPU.ActiveCfg = Release|Any CPU
		{30C79259-FB19-4C6C-98DB-4DDBEFDFADF8}.Release|Any CPU.Build.0 = Release|Any CPU
		{6DDA7EF5-0A60-48DA-8A16-ED8AEC203184}.Debug|Any CPU.ActiveCfg = Debug|Any CPU
		{6DDA7EF5-0A60-48DA-8A16-ED8AEC203184}.Debug|Any CPU.Build.0 = Debug|Any CPU
		{6DDA7EF5-0A60-48DA-8A16-ED8AEC203184}.Release|Any CPU.ActiveCfg = Release|Any CPU
		{6DDA7EF5-0A60-48DA-8A16-ED8AEC203184}.Release|Any CPU.Build.0 = Release|Any CPU
		{6209E8E4-52F0-41CE-9157-77D32A085755}.Debug|Any CPU.ActiveCfg = Debug|Any CPU
		{6209E8E4-52F0-41CE-9157-77D32A085755}.Debug|Any CPU.Build.0 = Debug|Any CPU
		{6209E8E4-52F0-41CE-9157-77D32A085755}.Release|Any CPU.ActiveCfg = Release|Any CPU
		{6209E8E4-52F0-41CE-9157-77D32A085755}.Release|Any CPU.Build.0 = Release|Any CPU
		{F1AAC153-D9BE-4D8C-A262-E6AB2F3F4EB3}.Debug|Any CPU.ActiveCfg = Debug|Any CPU
		{F1AAC153-D9BE-4D8C-A262-E6AB2F3F4EB3}.Debug|Any CPU.Build.0 = Debug|Any CPU
		{F1AAC153-D9BE-4D8C-A262-E6AB2F3F4EB3}.Release|Any CPU.ActiveCfg = Release|Any CPU
		{F1AAC153-D9BE-4D8C-A262-E6AB2F3F4EB3}.Release|Any CPU.Build.0 = Release|Any CPU
		{29CFA744-A09D-44F4-8DD2-949B8FD6F6E2}.Debug|Any CPU.ActiveCfg = Debug|Any CPU
		{29CFA744-A09D-44F4-8DD2-949B8FD6F6E2}.Debug|Any CPU.Build.0 = Debug|Any CPU
		{29CFA744-A09D-44F4-8DD2-949B8FD6F6E2}.Release|Any CPU.ActiveCfg = Release|Any CPU
		{29CFA744-A09D-44F4-8DD2-949B8FD6F6E2}.Release|Any CPU.Build.0 = Release|Any CPU
	EndGlobalSection
	GlobalSection(SolutionProperties) = preSolution
		HideSolutionNode = FALSE
	EndGlobalSection
	GlobalSection(NestedProjects) = preSolution
		{EF8C59F4-92BE-4B83-8A02-EED03C93C8FE} = {6C72D5F1-534D-49DA-BAC0-78ADD07E102C}
		{1D3FC099-5A43-4811-A665-83D2F29EA530} = {6C72D5F1-534D-49DA-BAC0-78ADD07E102C}
		{F629DD84-F659-499F-8A76-25B5068595F2} = {BAC7D729-152B-4DFC-B660-20F1C22957ED}
		{E31ECC17-8DFA-43E9-A639-D77169B5C7E8} = {BAC7D729-152B-4DFC-B660-20F1C22957ED}
		{30C79259-FB19-4C6C-98DB-4DDBEFDFADF8} = {BAC7D729-152B-4DFC-B660-20F1C22957ED}
		{29CFA744-A09D-44F4-8DD2-949B8FD6F6E2} = {6C72D5F1-534D-49DA-BAC0-78ADD07E102C}
	EndGlobalSection
EndGlobal
